// !$*UTF8*$!
{
	archiveVersion = 1;
	classes = {
	};
	objectVersion = 50;
	objects = {

/* Begin PBXBuildFile section */
		1755B314245E660F003F9031 /* AppDelegate.m in Sources */ = {isa = PBXBuildFile; fileRef = 1755B313245E660F003F9031 /* AppDelegate.m */; };
		1755B317245E660F003F9031 /* SceneDelegate.m in Sources */ = {isa = PBXBuildFile; fileRef = 1755B316245E660F003F9031 /* SceneDelegate.m */; };
		1755B31A245E660F003F9031 /* ViewController.m in Sources */ = {isa = PBXBuildFile; fileRef = 1755B319245E660F003F9031 /* ViewController.m */; };
		1755B31D245E660F003F9031 /* Main.storyboard in Resources */ = {isa = PBXBuildFile; fileRef = 1755B31B245E660F003F9031 /* Main.storyboard */; };
		1755B31F245E6613003F9031 /* Assets.xcassets in Resources */ = {isa = PBXBuildFile; fileRef = 1755B31E245E6613003F9031 /* Assets.xcassets */; };
		1755B322245E6613003F9031 /* LaunchScreen.storyboard in Resources */ = {isa = PBXBuildFile; fileRef = 1755B320245E6613003F9031 /* LaunchScreen.storyboard */; };
		1755B325245E6613003F9031 /* main.m in Sources */ = {isa = PBXBuildFile; fileRef = 1755B324245E6613003F9031 /* main.m */; };
		1755B32F245E6613003F9031 /* RotaionDemoTests.m in Sources */ = {isa = PBXBuildFile; fileRef = 1755B32E245E6613003F9031 /* RotaionDemoTests.m */; };
		1755B33A245E6613003F9031 /* RotaionDemoUITests.m in Sources */ = {isa = PBXBuildFile; fileRef = 1755B339245E6613003F9031 /* RotaionDemoUITests.m */; };
		1755B349245E6666003F9031 /* TabBarViewController.m in Sources */ = {isa = PBXBuildFile; fileRef = 1755B348245E6666003F9031 /* TabBarViewController.m */; };
		1755B34C245E6A64003F9031 /* CustomWindow.m in Sources */ = {isa = PBXBuildFile; fileRef = 1755B34B245E6A64003F9031 /* CustomWindow.m */; };
		1755B34F245E6A80003F9031 /* CustomViewController.m in Sources */ = {isa = PBXBuildFile; fileRef = 1755B34E245E6A80003F9031 /* CustomViewController.m */; };
		1755B352245E6A9B003F9031 /* CustomApp.m in Sources */ = {isa = PBXBuildFile; fileRef = 1755B351245E6A9B003F9031 /* CustomApp.m */; };
		17AC2F88245FA5CC000AFE18 /* CustomNavigationViewController.m in Sources */ = {isa = PBXBuildFile; fileRef = 17AC2F87245FA5CC000AFE18 /* CustomNavigationViewController.m */; };
/* End PBXBuildFile section */

/* Begin PBXContainerItemProxy section */
		1755B32B245E6613003F9031 /* PBXContainerItemProxy */ = {
			isa = PBXContainerItemProxy;
			containerPortal = 1755B307245E660F003F9031 /* Project object */;
			proxyType = 1;
			remoteGlobalIDString = 1755B30E245E660F003F9031;
			remoteInfo = RotaionDemo;
		};
		1755B336245E6613003F9031 /* PBXContainerItemProxy */ = {
			isa = PBXContainerItemProxy;
			containerPortal = 1755B307245E660F003F9031 /* Project object */;
			proxyType = 1;
			remoteGlobalIDString = 1755B30E245E660F003F9031;
			remoteInfo = RotaionDemo;
		};
/* End PBXContainerItemProxy section */

/* Begin PBXFileReference section */
		1755B30F245E660F003F9031 /* RotaionDemo.app */ = {isa = PBXFileReference; explicitFileType = wrapper.application; includeInIndex = 0; path = RotaionDemo.app; sourceTree = BUILT_PRODUCTS_DIR; };
		1755B312245E660F003F9031 /* AppDelegate.h */ = {isa = PBXFileReference; lastKnownFileType = sourcecode.c.h; path = AppDelegate.h; sourceTree = "<group>"; };
		1755B313245E660F003F9031 /* AppDelegate.m */ = {isa = PBXFileReference; lastKnownFileType = sourcecode.c.objc; path = AppDelegate.m; sourceTree = "<group>"; };
		1755B315245E660F003F9031 /* SceneDelegate.h */ = {isa = PBXFileReference; lastKnownFileType = sourcecode.c.h; path = SceneDelegate.h; sourceTree = "<group>"; };
		1755B316245E660F003F9031 /* SceneDelegate.m */ = {isa = PBXFileReference; lastKnownFileType = sourcecode.c.objc; path = SceneDelegate.m; sourceTree = "<group>"; };
		1755B318245E660F003F9031 /* ViewController.h */ = {isa = PBXFileReference; lastKnownFileType = sourcecode.c.h; path = ViewController.h; sourceTree = "<group>"; };
		1755B319245E660F003F9031 /* ViewController.m */ = {isa = PBXFileReference; lastKnownFileType = sourcecode.c.objc; path = ViewController.m; sourceTree = "<group>"; };
		1755B31C245E660F003F9031 /* Base */ = {isa = PBXFileReference; lastKnownFileType = file.storyboard; name = Base; path = Base.lproj/Main.storyboard; sourceTree = "<group>"; };
		1755B31E245E6613003F9031 /* Assets.xcassets */ = {isa = PBXFileReference; lastKnownFileType = folder.assetcatalog; path = Assets.xcassets; sourceTree = "<group>"; };
		1755B321245E6613003F9031 /* Base */ = {isa = PBXFileReference; lastKnownFileType = file.storyboard; name = Base; path = Base.lproj/LaunchScreen.storyboard; sourceTree = "<group>"; };
		1755B323245E6613003F9031 /* Info.plist */ = {isa = PBXFileReference; lastKnownFileType = text.plist.xml; path = Info.plist; sourceTree = "<group>"; };
		1755B324245E6613003F9031 /* main.m */ = {isa = PBXFileReference; lastKnownFileType = sourcecode.c.objc; path = main.m; sourceTree = "<group>"; };
		1755B32A245E6613003F9031 /* RotaionDemoTests.xctest */ = {isa = PBXFileReference; explicitFileType = wrapper.cfbundle; includeInIndex = 0; path = RotaionDemoTests.xctest; sourceTree = BUILT_PRODUCTS_DIR; };
		1755B32E245E6613003F9031 /* RotaionDemoTests.m */ = {isa = PBXFileReference; lastKnownFileType = sourcecode.c.objc; path = RotaionDemoTests.m; sourceTree = "<group>"; };
		1755B330245E6613003F9031 /* Info.plist */ = {isa = PBXFileReference; lastKnownFileType = text.plist.xml; path = Info.plist; sourceTree = "<group>"; };
		1755B335245E6613003F9031 /* RotaionDemoUITests.xctest */ = {isa = PBXFileReference; explicitFileType = wrapper.cfbundle; includeInIndex = 0; path = RotaionDemoUITests.xctest; sourceTree = BUILT_PRODUCTS_DIR; };
		1755B339245E6613003F9031 /* RotaionDemoUITests.m */ = {isa = PBXFileReference; lastKnownFileType = sourcecode.c.objc; path = RotaionDemoUITests.m; sourceTree = "<group>"; };
		1755B33B245E6613003F9031 /* Info.plist */ = {isa = PBXFileReference; lastKnownFileType = text.plist.xml; path = Info.plist; sourceTree = "<group>"; };
		1755B347245E6666003F9031 /* TabBarViewController.h */ = {isa = PBXFileReference; lastKnownFileType = sourcecode.c.h; path = TabBarViewController.h; sourceTree = "<group>"; };
		1755B348245E6666003F9031 /* TabBarViewController.m */ = {isa = PBXFileReference; lastKnownFileType = sourcecode.c.objc; path = TabBarViewController.m; sourceTree = "<group>"; };
		1755B34A245E6A64003F9031 /* CustomWindow.h */ = {isa = PBXFileReference; lastKnownFileType = sourcecode.c.h; path = CustomWindow.h; sourceTree = "<group>"; };
		1755B34B245E6A64003F9031 /* CustomWindow.m */ = {isa = PBXFileReference; lastKnownFileType = sourcecode.c.objc; path = CustomWindow.m; sourceTree = "<group>"; };
		1755B34D245E6A80003F9031 /* CustomViewController.h */ = {isa = PBXFileReference; lastKnownFileType = sourcecode.c.h; path = CustomViewController.h; sourceTree = "<group>"; };
		1755B34E245E6A80003F9031 /* CustomViewController.m */ = {isa = PBXFileReference; lastKnownFileType = sourcecode.c.objc; path = CustomViewController.m; sourceTree = "<group>"; };
		1755B350245E6A9B003F9031 /* CustomApp.h */ = {isa = PBXFileReference; lastKnownFileType = sourcecode.c.h; path = CustomApp.h; sourceTree = "<group>"; };
		1755B351245E6A9B003F9031 /* CustomApp.m */ = {isa = PBXFileReference; lastKnownFileType = sourcecode.c.objc; path = CustomApp.m; sourceTree = "<group>"; };
		17AC2F86245FA5CC000AFE18 /* CustomNavigationViewController.h */ = {isa = PBXFileReference; lastKnownFileType = sourcecode.c.h; path = CustomNavigationViewController.h; sourceTree = "<group>"; };
		17AC2F87245FA5CC000AFE18 /* CustomNavigationViewController.m */ = {isa = PBXFileReference; lastKnownFileType = sourcecode.c.objc; path = CustomNavigationViewController.m; sourceTree = "<group>"; };
/* End PBXFileReference section */

/* Begin PBXFrameworksBuildPhase section */
		1755B30C245E660F003F9031 /* Frameworks */ = {
			isa = PBXFrameworksBuildPhase;
			buildActionMask = 2147483647;
			files = (
			);
			runOnlyForDeploymentPostprocessing = 0;
		};
		1755B327245E6613003F9031 /* Frameworks */ = {
			isa = PBXFrameworksBuildPhase;
			buildActionMask = 2147483647;
			files = (
			);
			runOnlyForDeploymentPostprocessing = 0;
		};
		1755B332245E6613003F9031 /* Frameworks */ = {
			isa = PBXFrameworksBuildPhase;
			buildActionMask = 2147483647;
			files = (
			);
			runOnlyForDeploymentPostprocessing = 0;
		};
/* End PBXFrameworksBuildPhase section */

/* Begin PBXGroup section */
		1755B306245E660F003F9031 = {
			isa = PBXGroup;
			children = (
				17AC2F86245FA5CC000AFE18 /* CustomNavigationViewController.h */,
				17AC2F87245FA5CC000AFE18 /* CustomNavigationViewController.m */,
				1755B311245E660F003F9031 /* RotaionDemo */,
				1755B32D245E6613003F9031 /* RotaionDemoTests */,
				1755B338245E6613003F9031 /* RotaionDemoUITests */,
				1755B310245E660F003F9031 /* Products */,
			);
			sourceTree = "<group>";
		};
		1755B310245E660F003F9031 /* Products */ = {
			isa = PBXGroup;
			children = (
				1755B30F245E660F003F9031 /* RotaionDemo.app */,
				1755B32A245E6613003F9031 /* RotaionDemoTests.xctest */,
				1755B335245E6613003F9031 /* RotaionDemoUITests.xctest */,
			);
			name = Products;
			sourceTree = "<group>";
		};
		1755B311245E660F003F9031 /* RotaionDemo */ = {
			isa = PBXGroup;
			children = (
				1755B312245E660F003F9031 /* AppDelegate.h */,
				1755B313245E660F003F9031 /* AppDelegate.m */,
				1755B315245E660F003F9031 /* SceneDelegate.h */,
				1755B316245E660F003F9031 /* SceneDelegate.m */,
				1755B318245E660F003F9031 /* ViewController.h */,
				1755B319245E660F003F9031 /* ViewController.m */,
				1755B350245E6A9B003F9031 /* CustomApp.h */,
				1755B351245E6A9B003F9031 /* CustomApp.m */,
				1755B34A245E6A64003F9031 /* CustomWindow.h */,
				1755B34B245E6A64003F9031 /* CustomWindow.m */,
				1755B34D245E6A80003F9031 /* CustomViewController.h */,
				1755B34E245E6A80003F9031 /* CustomViewController.m */,
				1755B347245E6666003F9031 /* TabBarViewController.h */,
				1755B348245E6666003F9031 /* TabBarViewController.m */,
				1755B31B245E660F003F9031 /* Main.storyboard */,
				1755B31E245E6613003F9031 /* Assets.xcassets */,
				1755B320245E6613003F9031 /* LaunchScreen.storyboard */,
				1755B323245E6613003F9031 /* Info.plist */,
				1755B324245E6613003F9031 /* main.m */,
			);
			path = RotaionDemo;
			sourceTree = "<group>";
		};
		1755B32D245E6613003F9031 /* RotaionDemoTests */ = {
			isa = PBXGroup;
			children = (
				1755B32E245E6613003F9031 /* RotaionDemoTests.m */,
				1755B330245E6613003F9031 /* Info.plist */,
			);
			path = RotaionDemoTests;
			sourceTree = "<group>";
		};
		1755B338245E6613003F9031 /* RotaionDemoUITests */ = {
			isa = PBXGroup;
			children = (
				1755B339245E6613003F9031 /* RotaionDemoUITests.m */,
				1755B33B245E6613003F9031 /* Info.plist */,
			);
			path = RotaionDemoUITests;
			sourceTree = "<group>";
		};
/* End PBXGroup section */

/* Begin PBXNativeTarget section */
		1755B30E245E660F003F9031 /* RotaionDemo */ = {
			isa = PBXNativeTarget;
			buildConfigurationList = 1755B33E245E6613003F9031 /* Build configuration list for PBXNativeTarget "RotaionDemo" */;
			buildPhases = (
				1755B30B245E660F003F9031 /* Sources */,
				1755B30C245E660F003F9031 /* Frameworks */,
				1755B30D245E660F003F9031 /* Resources */,
			);
			buildRules = (
			);
			dependencies = (
			);
			name = RotaionDemo;
			productName = RotaionDemo;
			productReference = 1755B30F245E660F003F9031 /* RotaionDemo.app */;
			productType = "com.apple.product-type.application";
		};
		1755B329245E6613003F9031 /* RotaionDemoTests */ = {
			isa = PBXNativeTarget;
			buildConfigurationList = 1755B341245E6613003F9031 /* Build configuration list for PBXNativeTarget "RotaionDemoTests" */;
			buildPhases = (
				1755B326245E6613003F9031 /* Sources */,
				1755B327245E6613003F9031 /* Frameworks */,
				1755B328245E6613003F9031 /* Resources */,
			);
			buildRules = (
			);
			dependencies = (
				1755B32C245E6613003F9031 /* PBXTargetDependency */,
			);
			name = RotaionDemoTests;
			productName = RotaionDemoTests;
			productReference = 1755B32A245E6613003F9031 /* RotaionDemoTests.xctest */;
			productType = "com.apple.product-type.bundle.unit-test";
		};
		1755B334245E6613003F9031 /* RotaionDemoUITests */ = {
			isa = PBXNativeTarget;
			buildConfigurationList = 1755B344245E6613003F9031 /* Build configuration list for PBXNativeTarget "RotaionDemoUITests" */;
			buildPhases = (
				1755B331245E6613003F9031 /* Sources */,
				1755B332245E6613003F9031 /* Frameworks */,
				1755B333245E6613003F9031 /* Resources */,
			);
			buildRules = (
			);
			dependencies = (
				1755B337245E6613003F9031 /* PBXTargetDependency */,
			);
			name = RotaionDemoUITests;
			productName = RotaionDemoUITests;
			productReference = 1755B335245E6613003F9031 /* RotaionDemoUITests.xctest */;
			productType = "com.apple.product-type.bundle.ui-testing";
		};
/* End PBXNativeTarget section */

/* Begin PBXProject section */
		1755B307245E660F003F9031 /* Project object */ = {
			isa = PBXProject;
			attributes = {
				LastUpgradeCheck = 1130;
				ORGANIZATIONNAME = xa;
				TargetAttributes = {
					1755B30E245E660F003F9031 = {
						CreatedOnToolsVersion = 11.3.1;
					};
					1755B329245E6613003F9031 = {
						CreatedOnToolsVersion = 11.3.1;
						TestTargetID = 1755B30E245E660F003F9031;
					};
					1755B334245E6613003F9031 = {
						CreatedOnToolsVersion = 11.3.1;
						TestTargetID = 1755B30E245E660F003F9031;
					};
				};
			};
			buildConfigurationList = 1755B30A245E660F003F9031 /* Build configuration list for PBXProject "RotaionDemo" */;
			compatibilityVersion = "Xcode 9.3";
			developmentRegion = en;
			hasScannedForEncodings = 0;
			knownRegions = (
				en,
				Base,
			);
			mainGroup = 1755B306245E660F003F9031;
			productRefGroup = 1755B310245E660F003F9031 /* Products */;
			projectDirPath = "";
			projectRoot = "";
			targets = (
				1755B30E245E660F003F9031 /* RotaionDemo */,
				1755B329245E6613003F9031 /* RotaionDemoTests */,
				1755B334245E6613003F9031 /* RotaionDemoUITests */,
			);
		};
/* End PBXProject section */

/* Begin PBXResourcesBuildPhase section */
		1755B30D245E660F003F9031 /* Resources */ = {
			isa = PBXResourcesBuildPhase;
			buildActionMask = 2147483647;
			files = (
				1755B322245E6613003F9031 /* LaunchScreen.storyboard in Resources */,
				1755B31F245E6613003F9031 /* Assets.xcassets in Resources */,
				1755B31D245E660F003F9031 /* Main.storyboard in Resources */,
			);
			runOnlyForDeploymentPostprocessing = 0;
		};
		1755B328245E6613003F9031 /* Resources */ = {
			isa = PBXResourcesBuildPhase;
			buildActionMask = 2147483647;
			files = (
			);
			runOnlyForDeploymentPostprocessing = 0;
		};
		1755B333245E6613003F9031 /* Resources */ = {
			isa = PBXResourcesBuildPhase;
			buildActionMask = 2147483647;
			files = (
			);
			runOnlyForDeploymentPostprocessing = 0;
		};
/* End PBXResourcesBuildPhase section */

/* Begin PBXSourcesBuildPhase section */
		1755B30B245E660F003F9031 /* Sources */ = {
			isa = PBXSourcesBuildPhase;
			buildActionMask = 2147483647;
			files = (
				1755B349245E6666003F9031 /* TabBarViewController.m in Sources */,
				1755B31A245E660F003F9031 /* ViewController.m in Sources */,
				1755B352245E6A9B003F9031 /* CustomApp.m in Sources */,
				1755B34F245E6A80003F9031 /* CustomViewController.m in Sources */,
				1755B314245E660F003F9031 /* AppDelegate.m in Sources */,
				1755B325245E6613003F9031 /* main.m in Sources */,
				1755B34C245E6A64003F9031 /* CustomWindow.m in Sources */,
				17AC2F88245FA5CC000AFE18 /* CustomNavigationViewController.m in Sources */,
				1755B317245E660F003F9031 /* SceneDelegate.m in Sources */,
			);
			runOnlyForDeploymentPostprocessing = 0;
		};
		1755B326245E6613003F9031 /* Sources */ = {
			isa = PBXSourcesBuildPhase;
			buildActionMask = 2147483647;
			files = (
				1755B32F245E6613003F9031 /* RotaionDemoTests.m in Sources */,
			);
			runOnlyForDeploymentPostprocessing = 0;
		};
		1755B331245E6613003F9031 /* Sources */ = {
			isa = PBXSourcesBuildPhase;
			buildActionMask = 2147483647;
			files = (
				1755B33A245E6613003F9031 /* RotaionDemoUITests.m in Sources */,
			);
			runOnlyForDeploymentPostprocessing = 0;
		};
/* End PBXSourcesBuildPhase section */

/* Begin PBXTargetDependency section */
		1755B32C245E6613003F9031 /* PBXTargetDependency */ = {
			isa = PBXTargetDependency;
			target = 1755B30E245E660F003F9031 /* RotaionDemo */;
			targetProxy = 1755B32B245E6613003F9031 /* PBXContainerItemProxy */;
		};
		1755B337245E6613003F9031 /* PBXTargetDependency */ = {
			isa = PBXTargetDependency;
			target = 1755B30E245E660F003F9031 /* RotaionDemo */;
			targetProxy = 1755B336245E6613003F9031 /* PBXContainerItemProxy */;
		};
/* End PBXTargetDependency section */

/* Begin PBXVariantGroup section */
		1755B31B245E660F003F9031 /* Main.storyboard */ = {
			isa = PBXVariantGroup;
			children = (
				1755B31C245E660F003F9031 /* Base */,
			);
			name = Main.storyboard;
			sourceTree = "<group>";
		};
		1755B320245E6613003F9031 /* LaunchScreen.storyboard */ = {
			isa = PBXVariantGroup;
			children = (
				1755B321245E6613003F9031 /* Base */,
			);
			name = LaunchScreen.storyboard;
			sourceTree = "<group>";
		};
/* End PBXVariantGroup section */

/* Begin XCBuildConfiguration section */
		1755B33C245E6613003F9031 /* Debug */ = {
			isa = XCBuildConfiguration;
			buildSettings = {
				ALWAYS_SEARCH_USER_PATHS = NO;
				CLANG_ANALYZER_NONNULL = YES;
				CLANG_ANALYZER_NUMBER_OBJECT_CONVERSION = YES_AGGRESSIVE;
				CLANG_CXX_LANGUAGE_STANDARD = "gnu++14";
				CLANG_CXX_LIBRARY = "libc++";
				CLANG_ENABLE_MODULES = YES;
				CLANG_ENABLE_OBJC_ARC = YES;
				CLANG_ENABLE_OBJC_WEAK = YES;
				CLANG_WARN_BLOCK_CAPTURE_AUTORELEASING = YES;
				CLANG_WARN_BOOL_CONVERSION = YES;
				CLANG_WARN_COMMA = YES;
				CLANG_WARN_CONSTANT_CONVERSION = YES;
				CLANG_WARN_DEPRECATED_OBJC_IMPLEMENTATIONS = YES;
				CLANG_WARN_DIRECT_OBJC_ISA_USAGE = YES_ERROR;
				CLANG_WARN_DOCUMENTATION_COMMENTS = YES;
				CLANG_WARN_EMPTY_BODY = YES;
				CLANG_WARN_ENUM_CONVERSION = YES;
				CLANG_WARN_INFINITE_RECURSION = YES;
				CLANG_WARN_INT_CONVERSION = YES;
				CLANG_WARN_NON_LITERAL_NULL_CONVERSION = YES;
				CLANG_WARN_OBJC_IMPLICIT_RETAIN_SELF = YES;
				CLANG_WARN_OBJC_LITERAL_CONVERSION = YES;
				CLANG_WARN_OBJC_ROOT_CLASS = YES_ERROR;
				CLANG_WARN_RANGE_LOOP_ANALYSIS = YES;
				CLANG_WARN_STRICT_PROTOTYPES = YES;
				CLANG_WARN_SUSPICIOUS_MOVE = YES;
				CLANG_WARN_UNGUARDED_AVAILABILITY = YES_AGGRESSIVE;
				CLANG_WARN_UNREACHABLE_CODE = YES;
				CLANG_WARN__DUPLICATE_METHOD_MATCH = YES;
				COPY_PHASE_STRIP = NO;
				DEBUG_INFORMATION_FORMAT = dwarf;
				ENABLE_STRICT_OBJC_MSGSEND = YES;
				ENABLE_TESTABILITY = YES;
				GCC_C_LANGUAGE_STANDARD = gnu11;
				GCC_DYNAMIC_NO_PIC = NO;
				GCC_NO_COMMON_BLOCKS = YES;
				GCC_OPTIMIZATION_LEVEL = 0;
				GCC_PREPROCESSOR_DEFINITIONS = (
					"DEBUG=1",
					"$(inherited)",
				);
				GCC_WARN_64_TO_32_BIT_CONVERSION = YES;
				GCC_WARN_ABOUT_RETURN_TYPE = YES_ERROR;
				GCC_WARN_UNDECLARED_SELECTOR = YES;
				GCC_WARN_UNINITIALIZED_AUTOS = YES_AGGRESSIVE;
				GCC_WARN_UNUSED_FUNCTION = YES;
				GCC_WARN_UNUSED_VARIABLE = YES;
				IPHONEOS_DEPLOYMENT_TARGET = 13.2;
				MTL_ENABLE_DEBUG_INFO = INCLUDE_SOURCE;
				MTL_FAST_MATH = YES;
				ONLY_ACTIVE_ARCH = YES;
				SDKROOT = iphoneos;
			};
			name = Debug;
		};
		1755B33D245E6613003F9031 /* Release */ = {
			isa = XCBuildConfiguration;
			buildSettings = {
				ALWAYS_SEARCH_USER_PATHS = NO;
				CLANG_ANALYZER_NONNULL = YES;
				CLANG_ANALYZER_NUMBER_OBJECT_CONVERSION = YES_AGGRESSIVE;
				CLANG_CXX_LANGUAGE_STANDARD = "gnu++14";
				CLANG_CXX_LIBRARY = "libc++";
				CLANG_ENABLE_MODULES = YES;
				CLANG_ENABLE_OBJC_ARC = YES;
				CLANG_ENABLE_OBJC_WEAK = YES;
				CLANG_WARN_BLOCK_CAPTURE_AUTORELEASING = YES;
				CLANG_WARN_BOOL_CONVERSION = YES;
				CLANG_WARN_COMMA = YES;
				CLANG_WARN_CONSTANT_CONVERSION = YES;
				CLANG_WARN_DEPRECATED_OBJC_IMPLEMENTATIONS = YES;
				CLANG_WARN_DIRECT_OBJC_ISA_USAGE = YES_ERROR;
				CLANG_WARN_DOCUMENTATION_COMMENTS = YES;
				CLANG_WARN_EMPTY_BODY = YES;
				CLANG_WARN_ENUM_CONVERSION = YES;
				CLANG_WARN_INFINITE_RECURSION = YES;
				CLANG_WARN_INT_CONVERSION = YES;
				CLANG_WARN_NON_LITERAL_NULL_CONVERSION = YES;
				CLANG_WARN_OBJC_IMPLICIT_RETAIN_SELF = YES;
				CLANG_WARN_OBJC_LITERAL_CONVERSION = YES;
				CLANG_WARN_OBJC_ROOT_CLASS = YES_ERROR;
				CLANG_WARN_RANGE_LOOP_ANALYSIS = YES;
				CLANG_WARN_STRICT_PROTOTYPES = YES;
				CLANG_WARN_SUSPICIOUS_MOVE = YES;
				CLANG_WARN_UNGUARDED_AVAILABILITY = YES_AGGRESSIVE;
				CLANG_WARN_UNREACHABLE_CODE = YES;
				CLANG_WARN__DUPLICATE_METHOD_MATCH = YES;
				COPY_PHASE_STRIP = NO;
				DEBUG_INFORMATION_FORMAT = "dwarf-with-dsym";
				ENABLE_NS_ASSERTIONS = NO;
				ENABLE_STRICT_OBJC_MSGSEND = YES;
				GCC_C_LANGUAGE_STANDARD = gnu11;
				GCC_NO_COMMON_BLOCKS = YES;
				GCC_WARN_64_TO_32_BIT_CONVERSION = YES;
				GCC_WARN_ABOUT_RETURN_TYPE = YES_ERROR;
				GCC_WARN_UNDECLARED_SELECTOR = YES;
				GCC_WARN_UNINITIALIZED_AUTOS = YES_AGGRESSIVE;
				GCC_WARN_UNUSED_FUNCTION = YES;
				GCC_WARN_UNUSED_VARIABLE = YES;
				IPHONEOS_DEPLOYMENT_TARGET = 13.2;
				MTL_ENABLE_DEBUG_INFO = NO;
				MTL_FAST_MATH = YES;
				SDKROOT = iphoneos;
				VALIDATE_PRODUCT = YES;
			};
			name = Release;
		};
		1755B33F245E6613003F9031 /* Debug */ = {
			isa = XCBuildConfiguration;
			buildSettings = {
				ASSETCATALOG_COMPILER_APPICON_NAME = AppIcon;
				CODE_SIGN_STYLE = Automatic;
				CURRENT_PROJECT_VERSION = " 1";
				INFOPLIST_FILE = RotaionDemo/Info.plist;
				IPHONEOS_DEPLOYMENT_TARGET = 9.0;
				LD_RUNPATH_SEARCH_PATHS = (
					"$(inherited)",
					"@executable_path/Frameworks",
				);
				PRODUCT_BUNDLE_IDENTIFIER = com.xixue.cn.RotaionDemo;
				PRODUCT_NAME = "$(TARGET_NAME)";
				TARGETED_DEVICE_FAMILY = 1;
			};
			name = Debug;
		};
		1755B340245E6613003F9031 /* Release */ = {
			isa = XCBuildConfiguration;
			buildSettings = {
				ASSETCATALOG_COMPILER_APPICON_NAME = AppIcon;
				CODE_SIGN_STYLE = Automatic;
				CURRENT_PROJECT_VERSION = " 1";
				INFOPLIST_FILE = RotaionDemo/Info.plist;
				IPHONEOS_DEPLOYMENT_TARGET = 9.0;
				LD_RUNPATH_SEARCH_PATHS = (
					"$(inherited)",
					"@executable_path/Frameworks",
				);
				PRODUCT_BUNDLE_IDENTIFIER = com.xixue.cn.RotaionDemo;
				PRODUCT_NAME = "$(TARGET_NAME)";
				TARGETED_DEVICE_FAMILY = 1;
			};
			name = Release;
		};
		1755B342245E6613003F9031 /* Debug */ = {
			isa = XCBuildConfiguration;
			buildSettings = {
				BUNDLE_LOADER = "$(TEST_HOST)";
				CODE_SIGN_STYLE = Automatic;
				INFOPLIST_FILE = RotaionDemoTests/Info.plist;
				IPHONEOS_DEPLOYMENT_TARGET = 13.2;
				LD_RUNPATH_SEARCH_PATHS = (
					"$(inherited)",
					"@executable_path/Frameworks",
					"@loader_path/Frameworks",
				);
				PRODUCT_BUNDLE_IDENTIFIER = com.xixue.cn.RotaionDemoTests;
				PRODUCT_NAME = "$(TARGET_NAME)";
				TARGETED_DEVICE_FAMILY = "1,2";
				TEST_HOST = "$(BUILT_PRODUCTS_DIR)/RotaionDemo.app/RotaionDemo";
			};
			name = Debug;
		};
		1755B343245E6613003F9031 /* Release */ = {
			isa = XCBuildConfiguration;
			buildSettings = {
				BUNDLE_LOADER = "$(TEST_HOST)";
				CODE_SIGN_STYLE = Automatic;
				INFOPLIST_FILE = RotaionDemoTests/Info.plist;
				IPHONEOS_DEPLOYMENT_TARGET = 13.2;
				LD_RUNPATH_SEARCH_PATHS = (
					"$(inherited)",
					"@executable_path/Frameworks",
					"@loader_path/Frameworks",
				);
				PRODUCT_BUNDLE_IDENTIFIER = com.xixue.cn.RotaionDemoTests;
				PRODUCT_NAME = "$(TARGET_NAME)";
				TARGETED_DEVICE_FAMILY = "1,2";
				TEST_HOST = "$(BUILT_PRODUCTS_DIR)/RotaionDemo.app/RotaionDemo";
			};
			name = Release;
		};
		1755B345245E6613003F9031 /* Debug */ = {
			isa = XCBuildConfiguration;
			buildSettings = {
				CODE_SIGN_STYLE = Automatic;
				INFOPLIST_FILE = RotaionDemoUITests/Info.plist;
				LD_RUNPATH_SEARCH_PATHS = (
					"$(inherited)",
					"@executable_path/Frameworks",
					"@loader_path/Frameworks",
				);
				PRODUCT_BUNDLE_IDENTIFIER = com.xixue.cn.RotaionDemoUITests;
				PRODUCT_NAME = "$(TARGET_NAME)";
				TARGETED_DEVICE_FAMILY = "1,2";
				TEST_TARGET_NAME = RotaionDemo;
			};
			name = Debug;
		};
		1755B346245E6613003F9031 /* Release */ = {
			isa = XCBuildConfiguration;
			buildSettings = {
				CODE_SIGN_STYLE = Automatic;
				INFOPLIST_FILE = RotaionDemoUITests/Info.plist;
				LD_RUNPATH_SEARCH_PATHS = (
					"$(inherited)",
					"@executable_path/Frameworks",
					"@loader_path/Frameworks",
				);
				PRODUCT_BUNDLE_IDENTIFIER = com.xixue.cn.RotaionDemoUITests;
				PRODUCT_NAME = "$(TARGET_NAME)";
				TARGETED_DEVICE_FAMILY = "1,2";
				TEST_TARGET_NAME = RotaionDemo;
			};
			name = Release;
		};
/* End XCBuildConfiguration section */

/* Begin XCConfigurationList section */
		1755B30A245E660F003F9031 /* Build configuration list for PBXProject "RotaionDemo" */ = {
			isa = XCConfigurationList;
			buildConfigurations = (
				1755B33C245E6613003F9031 /* Debug */,
				1755B33D245E6613003F9031 /* Release */,
			);
			defaultConfigurationIsVisible = 0;
			defaultConfigurationName = Release;
		};
		1755B33E245E6613003F9031 /* Build configuration list for PBXNativeTarget "RotaionDemo" */ = {
			isa = XCConfigurationList;
			buildConfigurations = (
				1755B33F245E6613003F9031 /* Debug */,
				1755B340245E6613003F9031 /* Release */,
			);
			defaultConfigurationIsVisible = 0;
			defaultConfigurationName = Release;
		};
		1755B341245E6613003F9031 /* Build configuration list for PBXNativeTarget "RotaionDemoTests" */ = {
			isa = XCConfigurationList;
			buildConfigurations = (
				1755B342245E6613003F9031 /* Debug */,
				1755B343245E6613003F9031 /* Release */,
			);
			defaultConfigurationIsVisible = 0;
			defaultConfigurationName = Release;
		};
		1755B344245E6613003F9031 /* Build configuration list for PBXNativeTarget "RotaionDemoUITests" */ = {
			isa = XCConfigurationList;
			buildConfigurations = (
				1755B345245E6613003F9031 /* Debug */,
				1755B346245E6613003F9031 /* Release */,
			);
			defaultConfigurationIsVisible = 0;
			defaultConfigurationName = Release;
		};
/* End XCConfigurationList section */
	};
	rootObject = 1755B307245E660F003F9031 /* Project object */;
}
